// !$*UTF8*$!
{
	archiveVersion = 1;
	classes = {
	};
	objectVersion = 55;
	objects = {

/* Begin PBXBuildFile section */
		35E285C56E32411E315EF71A /* Pods_MovieList.framework in Frameworks */ = {isa = PBXBuildFile; fileRef = 99D882B838A13E6454C8A9A1 /* Pods_MovieList.framework */; };
		934042EB282CD57B003AD124 /* movie.json in Resources */ = {isa = PBXBuildFile; fileRef = 934042EA282CD57B003AD124 /* movie.json */; };
		934042EE282D1E89003AD124 /* MovieDetailModel.swift in Sources */ = {isa = PBXBuildFile; fileRef = 934042ED282D1E89003AD124 /* MovieDetailModel.swift */; };
		934042F0282D1F6E003AD124 /* Utils.swift in Sources */ = {isa = PBXBuildFile; fileRef = 934042EF282D1F6E003AD124 /* Utils.swift */; };
		934E15B5282C1C8000EF67C1 /* AppDelegate.swift in Sources */ = {isa = PBXBuildFile; fileRef = 934E15B4282C1C8000EF67C1 /* AppDelegate.swift */; };
		934E15B7282C1C8000EF67C1 /* SceneDelegate.swift in Sources */ = {isa = PBXBuildFile; fileRef = 934E15B6282C1C8000EF67C1 /* SceneDelegate.swift */; };
		934E15BC282C1C8000EF67C1 /* Main.storyboard in Resources */ = {isa = PBXBuildFile; fileRef = 934E15BA282C1C8000EF67C1 /* Main.storyboard */; };
		934E15BE282C1C8100EF67C1 /* Assets.xcassets in Resources */ = {isa = PBXBuildFile; fileRef = 934E15BD282C1C8100EF67C1 /* Assets.xcassets */; };
		934E15C1282C1C8100EF67C1 /* LaunchScreen.storyboard in Resources */ = {isa = PBXBuildFile; fileRef = 934E15BF282C1C8100EF67C1 /* LaunchScreen.storyboard */; };
		934E15CB282C1CA700EF67C1 /* ViewController.swift in Sources */ = {isa = PBXBuildFile; fileRef = 934E15C9282C1CA700EF67C1 /* ViewController.swift */; };
		934E15CC282C1CA700EF67C1 /* MovieDetailController.swift in Sources */ = {isa = PBXBuildFile; fileRef = 934E15CA282C1CA700EF67C1 /* MovieDetailController.swift */; };
		934E15CF282C1CAE00EF67C1 /* Player.swift in Sources */ = {isa = PBXBuildFile; fileRef = 934E15CE282C1CAE00EF67C1 /* Player.swift */; };
		934E15D6282C1CB200EF67C1 /* SessionDateView.swift in Sources */ = {isa = PBXBuildFile; fileRef = 934E15D1282C1CB200EF67C1 /* SessionDateView.swift */; };
		934E15D7282C1CB200EF67C1 /* MovieCardView.swift in Sources */ = {isa = PBXBuildFile; fileRef = 934E15D2282C1CB200EF67C1 /* MovieCardView.swift */; };
		934E15D8282C1CB200EF67C1 /* TinderOverlary.swift in Sources */ = {isa = PBXBuildFile; fileRef = 934E15D3282C1CB200EF67C1 /* TinderOverlary.swift */; };
		934E15D9282C1CB200EF67C1 /* MovieDescView.swift in Sources */ = {isa = PBXBuildFile; fileRef = 934E15D4282C1CB200EF67C1 /* MovieDescView.swift */; };
		934E15DA282C1CB200EF67C1 /* MovieBottomView.swift in Sources */ = {isa = PBXBuildFile; fileRef = 934E15D5282C1CB200EF67C1 /* MovieBottomView.swift */; };
		934E15DC282C1CD300EF67C1 /* Podfile in Resources */ = {isa = PBXBuildFile; fileRef = 934E15DB282C1CD300EF67C1 /* Podfile */; };
		934E15DE282C1D6700EF67C1 /* UIScreen+Extension.swift in Sources */ = {isa = PBXBuildFile; fileRef = 934E15DD282C1D6700EF67C1 /* UIScreen+Extension.swift */; };
		934E15E0282C251500EF67C1 /* Date+Extension.swift in Sources */ = {isa = PBXBuildFile; fileRef = 934E15DF282C251500EF67C1 /* Date+Extension.swift */; };
		938C557C282C92F50058E5F1 /* Constant.swift in Sources */ = {isa = PBXBuildFile; fileRef = 938C557B282C92F50058E5F1 /* Constant.swift */; };
/* End PBXBuildFile section */

/* Begin PBXFileReference section */
		400DD193E7E8F3A5C0360585 /* Pods-MovieList.release.xcconfig */ = {isa = PBXFileReference; includeInIndex = 1; lastKnownFileType = text.xcconfig; name = "Pods-MovieList.release.xcconfig"; path = "Target Support Files/Pods-MovieList/Pods-MovieList.release.xcconfig"; sourceTree = "<group>"; };
		60900A04581E5860014FA4BF /* Pods-MovieList.debug.xcconfig */ = {isa = PBXFileReference; includeInIndex = 1; lastKnownFileType = text.xcconfig; name = "Pods-MovieList.debug.xcconfig"; path = "Target Support Files/Pods-MovieList/Pods-MovieList.debug.xcconfig"; sourceTree = "<group>"; };
		934042EA282CD57B003AD124 /* movie.json */ = {isa = PBXFileReference; lastKnownFileType = text.json; path = movie.json; sourceTree = "<group>"; };
		934042ED282D1E89003AD124 /* MovieDetailModel.swift */ = {isa = PBXFileReference; lastKnownFileType = sourcecode.swift; path = MovieDetailModel.swift; sourceTree = "<group>"; };
		934042EF282D1F6E003AD124 /* Utils.swift */ = {isa = PBXFileReference; lastKnownFileType = sourcecode.swift; path = Utils.swift; sourceTree = "<group>"; };
		934E15B1282C1C8000EF67C1 /* MovieList.app */ = {isa = PBXFileReference; explicitFileType = wrapper.application; includeInIndex = 0; path = MovieList.app; sourceTree = BUILT_PRODUCTS_DIR; };
		934E15B4282C1C8000EF67C1 /* AppDelegate.swift */ = {isa = PBXFileReference; lastKnownFileType = sourcecode.swift; path = AppDelegate.swift; sourceTree = "<group>"; };
		934E15B6282C1C8000EF67C1 /* SceneDelegate.swift */ = {isa = PBXFileReference; lastKnownFileType = sourcecode.swift; path = SceneDelegate.swift; sourceTree = "<group>"; };
		934E15BB282C1C8000EF67C1 /* Base */ = {isa = PBXFileReference; lastKnownFileType = file.storyboard; name = Base; path = Base.lproj/Main.storyboard; sourceTree = "<group>"; };
		934E15BD282C1C8100EF67C1 /* Assets.xcassets */ = {isa = PBXFileReference; lastKnownFileType = folder.assetcatalog; path = Assets.xcassets; sourceTree = "<group>"; };
		934E15C0282C1C8100EF67C1 /* Base */ = {isa = PBXFileReference; lastKnownFileType = file.storyboard; name = Base; path = Base.lproj/LaunchScreen.storyboard; sourceTree = "<group>"; };
		934E15C2282C1C8100EF67C1 /* Info.plist */ = {isa = PBXFileReference; lastKnownFileType = text.plist.xml; path = Info.plist; sourceTree = "<group>"; };
		934E15C9282C1CA700EF67C1 /* ViewController.swift */ = {isa = PBXFileReference; fileEncoding = 4; lastKnownFileType = sourcecode.swift; path = ViewController.swift; sourceTree = "<group>"; };
		934E15CA282C1CA700EF67C1 /* MovieDetailController.swift */ = {isa = PBXFileReference; fileEncoding = 4; lastKnownFileType = sourcecode.swift; path = MovieDetailController.swift; sourceTree = "<group>"; };
		934E15CE282C1CAE00EF67C1 /* Player.swift */ = {isa = PBXFileReference; fileEncoding = 4; lastKnownFileType = sourcecode.swift; path = Player.swift; sourceTree = "<group>"; };
		934E15D1282C1CB200EF67C1 /* SessionDateView.swift */ = {isa = PBXFileReference; fileEncoding = 4; lastKnownFileType = sourcecode.swift; path = SessionDateView.swift; sourceTree = "<group>"; };
		934E15D2282C1CB200EF67C1 /* MovieCardView.swift */ = {isa = PBXFileReference; fileEncoding = 4; lastKnownFileType = sourcecode.swift; path = MovieCardView.swift; sourceTree = "<group>"; };
		934E15D3282C1CB200EF67C1 /* TinderOverlary.swift */ = {isa = PBXFileReference; fileEncoding = 4; lastKnownFileType = sourcecode.swift; path = TinderOverlary.swift; sourceTree = "<group>"; };
		934E15D4282C1CB200EF67C1 /* MovieDescView.swift */ = {isa = PBXFileReference; fileEncoding = 4; lastKnownFileType = sourcecode.swift; path = MovieDescView.swift; sourceTree = "<group>"; };
		934E15D5282C1CB200EF67C1 /* MovieBottomView.swift */ = {isa = PBXFileReference; fileEncoding = 4; lastKnownFileType = sourcecode.swift; path = MovieBottomView.swift; sourceTree = "<group>"; };
		934E15DB282C1CD300EF67C1 /* Podfile */ = {isa = PBXFileReference; lastKnownFileType = text; path = Podfile; sourceTree = "<group>"; xcLanguageSpecificationIdentifier = xcode.lang.ruby; };
		934E15DD282C1D6700EF67C1 /* UIScreen+Extension.swift */ = {isa = PBXFileReference; fileEncoding = 4; lastKnownFileType = sourcecode.swift; path = "UIScreen+Extension.swift"; sourceTree = "<group>"; };
		934E15DF282C251500EF67C1 /* Date+Extension.swift */ = {isa = PBXFileReference; lastKnownFileType = sourcecode.swift; path = "Date+Extension.swift"; sourceTree = "<group>"; };
		938C557B282C92F50058E5F1 /* Constant.swift */ = {isa = PBXFileReference; lastKnownFileType = sourcecode.swift; path = Constant.swift; sourceTree = "<group>"; };
		99D882B838A13E6454C8A9A1 /* Pods_MovieList.framework */ = {isa = PBXFileReference; explicitFileType = wrapper.framework; includeInIndex = 0; path = Pods_MovieList.framework; sourceTree = BUILT_PRODUCTS_DIR; };
/* End PBXFileReference section */

/* Begin PBXFrameworksBuildPhase section */
		934E15AE282C1C8000EF67C1 /* Frameworks */ = {
			isa = PBXFrameworksBuildPhase;
			buildActionMask = 2147483647;
			files = (
				35E285C56E32411E315EF71A /* Pods_MovieList.framework in Frameworks */,
			);
			runOnlyForDeploymentPostprocessing = 0;
		};
/* End PBXFrameworksBuildPhase section */

/* Begin PBXGroup section */
		1FE3B5FD6FFFB3ECDCC66D70 /* Frameworks */ = {
			isa = PBXGroup;
			children = (
				99D882B838A13E6454C8A9A1 /* Pods_MovieList.framework */,
			);
			name = Frameworks;
			sourceTree = "<group>";
		};
		5C70DB7B868DB0A5A3BD2358 /* Pods */ = {
			isa = PBXGroup;
			children = (
				60900A04581E5860014FA4BF /* Pods-MovieList.debug.xcconfig */,
				400DD193E7E8F3A5C0360585 /* Pods-MovieList.release.xcconfig */,
			);
			path = Pods;
			sourceTree = "<group>";
		};
		934042E9282CD558003AD124 /* res */ = {
			isa = PBXGroup;
			children = (
				934042EA282CD57B003AD124 /* movie.json */,
			);
			path = res;
			sourceTree = "<group>";
		};
		934042EC282D1E77003AD124 /* Model */ = {
			isa = PBXGroup;
			children = (
				934042ED282D1E89003AD124 /* MovieDetailModel.swift */,
			);
			path = Model;
			sourceTree = "<group>";
		};
		934E15A8282C1C8000EF67C1 = {
			isa = PBXGroup;
			children = (
				934E15DB282C1CD300EF67C1 /* Podfile */,
				934E15B3282C1C8000EF67C1 /* MovieList */,
				934E15B2282C1C8000EF67C1 /* Products */,
				5C70DB7B868DB0A5A3BD2358 /* Pods */,
				1FE3B5FD6FFFB3ECDCC66D70 /* Frameworks */,
			);
			sourceTree = "<group>";
		};
		934E15B2282C1C8000EF67C1 /* Products */ = {
			isa = PBXGroup;
			children = (
				934E15B1282C1C8000EF67C1 /* MovieList.app */,
			);
			name = Products;
			sourceTree = "<group>";
		};
		934E15B3282C1C8000EF67C1 /* MovieList */ = {
			isa = PBXGroup;
			children = (
				934042EC282D1E77003AD124 /* Model */,
				934042E9282CD558003AD124 /* res */,
				934E15DD282C1D6700EF67C1 /* UIScreen+Extension.swift */,
				934E15D0282C1CB200EF67C1 /* View */,
				934E15CD282C1CAE00EF67C1 /* Source */,
				934E15C8282C1CA700EF67C1 /* Controller */,
				934E15B4282C1C8000EF67C1 /* AppDelegate.swift */,
				934E15B6282C1C8000EF67C1 /* SceneDelegate.swift */,
				934E15BA282C1C8000EF67C1 /* Main.storyboard */,
				934E15BD282C1C8100EF67C1 /* Assets.xcassets */,
				934E15BF282C1C8100EF67C1 /* LaunchScreen.storyboard */,
				934E15C2282C1C8100EF67C1 /* Info.plist */,
				934E15DF282C251500EF67C1 /* Date+Extension.swift */,
				938C557B282C92F50058E5F1 /* Constant.swift */,
				934042EF282D1F6E003AD124 /* Utils.swift */,
			);
			path = MovieList;
			sourceTree = "<group>";
		};
		934E15C8282C1CA700EF67C1 /* Controller */ = {
			isa = PBXGroup;
			children = (
				934E15C9282C1CA700EF67C1 /* ViewController.swift */,
				934E15CA282C1CA700EF67C1 /* MovieDetailController.swift */,
			);
			path = Controller;
			sourceTree = "<group>";
		};
		934E15CD282C1CAE00EF67C1 /* Source */ = {
			isa = PBXGroup;
			children = (
				934E15CE282C1CAE00EF67C1 /* Player.swift */,
			);
			path = Source;
			sourceTree = "<group>";
		};
		934E15D0282C1CB200EF67C1 /* View */ = {
			isa = PBXGroup;
			children = (
				934E15D1282C1CB200EF67C1 /* SessionDateView.swift */,
				934E15D2282C1CB200EF67C1 /* MovieCardView.swift */,
				934E15D3282C1CB200EF67C1 /* TinderOverlary.swift */,
				934E15D4282C1CB200EF67C1 /* MovieDescView.swift */,
				934E15D5282C1CB200EF67C1 /* MovieBottomView.swift */,
			);
			path = View;
			sourceTree = "<group>";
		};
/* End PBXGroup section */

/* Begin PBXNativeTarget section */
		934E15B0282C1C8000EF67C1 /* MovieList */ = {
			isa = PBXNativeTarget;
			buildConfigurationList = 934E15C5282C1C8100EF67C1 /* Build configuration list for PBXNativeTarget "MovieList" */;
			buildPhases = (
				4EFD0EC7810F5997DDF304B3 /* [CP] Check Pods Manifest.lock */,
				934E15AD282C1C8000EF67C1 /* Sources */,
				934E15AE282C1C8000EF67C1 /* Frameworks */,
				934E15AF282C1C8000EF67C1 /* Resources */,
				148DABA538ABB5C4C63392F7 /* [CP] Embed Pods Frameworks */,
			);
			buildRules = (
			);
			dependencies = (
			);
			name = MovieList;
			productName = MovieList;
			productReference = 934E15B1282C1C8000EF67C1 /* MovieList.app */;
			productType = "com.apple.product-type.application";
		};
/* End PBXNativeTarget section */

/* Begin PBXProject section */
		934E15A9282C1C8000EF67C1 /* Project object */ = {
			isa = PBXProject;
			attributes = {
				BuildIndependentTargetsInParallel = 1;
				LastSwiftUpdateCheck = 1330;
				LastUpgradeCheck = 1330;
				TargetAttributes = {
					934E15B0282C1C8000EF67C1 = {
						CreatedOnToolsVersion = 13.3.1;
					};
				};
			};
			buildConfigurationList = 934E15AC282C1C8000EF67C1 /* Build configuration list for PBXProject "MovieList" */;
			compatibilityVersion = "Xcode 13.0";
			developmentRegion = en;
			hasScannedForEncodings = 0;
			knownRegions = (
				en,
				Base,
			);
			mainGroup = 934E15A8282C1C8000EF67C1;
			productRefGroup = 934E15B2282C1C8000EF67C1 /* Products */;
			projectDirPath = "";
			projectRoot = "";
			targets = (
				934E15B0282C1C8000EF67C1 /* MovieList */,
			);
		};
/* End PBXProject section */

/* Begin PBXResourcesBuildPhase section */
		934E15AF282C1C8000EF67C1 /* Resources */ = {
			isa = PBXResourcesBuildPhase;
			buildActionMask = 2147483647;
			files = (
				934E15C1282C1C8100EF67C1 /* LaunchScreen.storyboard in Resources */,
				934042EB282CD57B003AD124 /* movie.json in Resources */,
				934E15BE282C1C8100EF67C1 /* Assets.xcassets in Resources */,
				934E15DC282C1CD300EF67C1 /* Podfile in Resources */,
				934E15BC282C1C8000EF67C1 /* Main.storyboard in Resources */,
			);
			runOnlyForDeploymentPostprocessing = 0;
		};
/* End PBXResourcesBuildPhase section */

/* Begin PBXShellScriptBuildPhase section */
		148DABA538ABB5C4C63392F7 /* [CP] Embed Pods Frameworks */ = {
			isa = PBXShellScriptBuildPhase;
			buildActionMask = 2147483647;
			files = (
			);
			inputFileListPaths = (
				"${PODS_ROOT}/Target Support Files/Pods-MovieList/Pods-MovieList-frameworks-${CONFIGURATION}-input-files.xcfilelist",
			);
			name = "[CP] Embed Pods Frameworks";
			outputFileListPaths = (
				"${PODS_ROOT}/Target Support Files/Pods-MovieList/Pods-MovieList-frameworks-${CONFIGURATION}-output-files.xcfilelist",
			);
			runOnlyForDeploymentPostprocessing = 0;
			shellPath = /bin/sh;
			shellScript = "\"${PODS_ROOT}/Target Support Files/Pods-MovieList/Pods-MovieList-frameworks.sh\"\n";
			showEnvVarsInLog = 0;
		};
		4EFD0EC7810F5997DDF304B3 /* [CP] Check Pods Manifest.lock */ = {
			isa = PBXShellScriptBuildPhase;
			buildActionMask = 2147483647;
			files = (
			);
			inputFileListPaths = (
			);
			inputPaths = (
				"${PODS_PODFILE_DIR_PATH}/Podfile.lock",
				"${PODS_ROOT}/Manifest.lock",
			);
			name = "[CP] Check Pods Manifest.lock";
			outputFileListPaths = (
			);
			outputPaths = (
				"$(DERIVED_FILE_DIR)/Pods-MovieList-checkManifestLockResult.txt",
			);
			runOnlyForDeploymentPostprocessing = 0;
			shellPath = /bin/sh;
			shellScript = "diff \"${PODS_PODFILE_DIR_PATH}/Podfile.lock\" \"${PODS_ROOT}/Manifest.lock\" > /dev/null\nif [ $? != 0 ] ; then\n    # print error to STDERR\n    echo \"error: The sandbox is not in sync with the Podfile.lock. Run 'pod install' or update your CocoaPods installation.\" >&2\n    exit 1\nfi\n# This output is used by Xcode 'outputs' to avoid re-running this script phase.\necho \"SUCCESS\" > \"${SCRIPT_OUTPUT_FILE_0}\"\n";
			showEnvVarsInLog = 0;
		};
/* End PBXShellScriptBuildPhase section */

/* Begin PBXSourcesBuildPhase section */
		934E15AD282C1C8000EF67C1 /* Sources */ = {
			isa = PBXSourcesBuildPhase;
			buildActionMask = 2147483647;
			files = (
				934E15CB282C1CA700EF67C1 /* ViewController.swift in Sources */,
				934E15D8282C1CB200EF67C1 /* TinderOverlary.swift in Sources */,
				934E15CC282C1CA700EF67C1 /* MovieDetailController.swift in Sources */,
				934E15DE282C1D6700EF67C1 /* UIScreen+Extension.swift in Sources */,
				934E15B5282C1C8000EF67C1 /* AppDelegate.swift in Sources */,
				934042F0282D1F6E003AD124 /* Utils.swift in Sources */,
				934E15E0282C251500EF67C1 /* Date+Extension.swift in Sources */,
				934E15DA282C1CB200EF67C1 /* MovieBottomView.swift in Sources */,
				934E15CF282C1CAE00EF67C1 /* Player.swift in Sources */,
				934E15B7282C1C8000EF67C1 /* SceneDelegate.swift in Sources */,
				938C557C282C92F50058E5F1 /* Constant.swift in Sources */,
				934E15D9282C1CB200EF67C1 /* MovieDescView.swift in Sources */,
				934E15D7282C1CB200EF67C1 /* MovieCardView.swift in Sources */,
				934E15D6282C1CB200EF67C1 /* SessionDateView.swift in Sources */,
				934042EE282D1E89003AD124 /* MovieDetailModel.swift in Sources */,
			);
			runOnlyForDeploymentPostprocessing = 0;
		};
/* End PBXSourcesBuildPhase section */

/* Begin PBXVariantGroup section */
		934E15BA282C1C8000EF67C1 /* Main.storyboard */ = {
			isa = PBXVariantGroup;
			children = (
				934E15BB282C1C8000EF67C1 /* Base */,
			);
			name = Main.storyboard;
			sourceTree = "<group>";
		};
		934E15BF282C1C8100EF67C1 /* LaunchScreen.storyboard */ = {
			isa = PBXVariantGroup;
			children = (
				934E15C0282C1C8100EF67C1 /* Base */,
			);
			name = LaunchScreen.storyboard;
			sourceTree = "<group>";
		};
/* End PBXVariantGroup section */

/* Begin XCBuildConfiguration section */
		934E15C3282C1C8100EF67C1 /* Debug */ = {
			isa = XCBuildConfiguration;
			buildSettings = {
				ALWAYS_SEARCH_USER_PATHS = NO;
				CLANG_ANALYZER_NONNULL = YES;
				CLANG_ANALYZER_NUMBER_OBJECT_CONVERSION = YES_AGGRESSIVE;
				CLANG_CXX_LANGUAGE_STANDARD = "gnu++17";
				CLANG_ENABLE_MODULES = YES;
				CLANG_ENABLE_OBJC_ARC = YES;
				CLANG_ENABLE_OBJC_WEAK = YES;
				CLANG_WARN_BLOCK_CAPTURE_AUTORELEASING = YES;
				CLANG_WARN_BOOL_CONVERSION = YES;
				CLANG_WARN_COMMA = YES;
				CLANG_WARN_CONSTANT_CONVERSION = YES;
				CLANG_WARN_DEPRECATED_OBJC_IMPLEMENTATIONS = YES;
				CLANG_WARN_DIRECT_OBJC_ISA_USAGE = YES_ERROR;
				CLANG_WARN_DOCUMENTATION_COMMENTS = YES;
				CLANG_WARN_EMPTY_BODY = YES;
				CLANG_WARN_ENUM_CONVERSION = YES;
				CLANG_WARN_INFINITE_RECURSION = YES;
				CLANG_WARN_INT_CONVERSION = YES;
				CLANG_WARN_NON_LITERAL_NULL_CONVERSION = YES;
				CLANG_WARN_OBJC_IMPLICIT_RETAIN_SELF = YES;
				CLANG_WARN_OBJC_LITERAL_CONVERSION = YES;
				CLANG_WARN_OBJC_ROOT_CLASS = YES_ERROR;
				CLANG_WARN_QUOTED_INCLUDE_IN_FRAMEWORK_HEADER = YES;
				CLANG_WARN_RANGE_LOOP_ANALYSIS = YES;
				CLANG_WARN_STRICT_PROTOTYPES = YES;
				CLANG_WARN_SUSPICIOUS_MOVE = YES;
				CLANG_WARN_UNGUARDED_AVAILABILITY = YES_AGGRESSIVE;
				CLANG_WARN_UNREACHABLE_CODE = YES;
				CLANG_WARN__DUPLICATE_METHOD_MATCH = YES;
				COPY_PHASE_STRIP = NO;
				DEBUG_INFORMATION_FORMAT = dwarf;
				ENABLE_STRICT_OBJC_MSGSEND = YES;
				ENABLE_TESTABILITY = YES;
				GCC_C_LANGUAGE_STANDARD = gnu11;
				GCC_DYNAMIC_NO_PIC = NO;
				GCC_NO_COMMON_BLOCKS = YES;
				GCC_OPTIMIZATION_LEVEL = 0;
				GCC_PREPROCESSOR_DEFINITIONS = (
					"DEBUG=1",
					"$(inherited)",
				);
				GCC_WARN_64_TO_32_BIT_CONVERSION = YES;
				GCC_WARN_ABOUT_RETURN_TYPE = YES_ERROR;
				GCC_WARN_UNDECLARED_SELECTOR = YES;
				GCC_WARN_UNINITIALIZED_AUTOS = YES_AGGRESSIVE;
				GCC_WARN_UNUSED_FUNCTION = YES;
				GCC_WARN_UNUSED_VARIABLE = YES;
				IPHONEOS_DEPLOYMENT_TARGET = 15.4;
				MTL_ENABLE_DEBUG_INFO = INCLUDE_SOURCE;
				MTL_FAST_MATH = YES;
				ONLY_ACTIVE_ARCH = YES;
				SDKROOT = iphoneos;
				SWIFT_ACTIVE_COMPILATION_CONDITIONS = DEBUG;
				SWIFT_OPTIMIZATION_LEVEL = "-Onone";
			};
			name = Debug;
		};
		934E15C4282C1C8100EF67C1 /* Release */ = {
			isa = XCBuildConfiguration;
			buildSettings = {
				ALWAYS_SEARCH_USER_PATHS = NO;
				CLANG_ANALYZER_NONNULL = YES;
				CLANG_ANALYZER_NUMBER_OBJECT_CONVERSION = YES_AGGRESSIVE;
				CLANG_CXX_LANGUAGE_STANDARD = "gnu++17";
				CLANG_ENABLE_MODULES = YES;
				CLANG_ENABLE_OBJC_ARC = YES;
				CLANG_ENABLE_OBJC_WEAK = YES;
				CLANG_WARN_BLOCK_CAPTURE_AUTORELEASING = YES;
				CLANG_WARN_BOOL_CONVERSION = YES;
				CLANG_WARN_COMMA = YES;
				CLANG_WARN_CONSTANT_CONVERSION = YES;
				CLANG_WARN_DEPRECATED_OBJC_IMPLEMENTATIONS = YES;
				CLANG_WARN_DIRECT_OBJC_ISA_USAGE = YES_ERROR;
				CLANG_WARN_DOCUMENTATION_COMMENTS = YES;
				CLANG_WARN_EMPTY_BODY = YES;
				CLANG_WARN_ENUM_CONVERSION = YES;
				CLANG_WARN_INFINITE_RECURSION = YES;
				CLANG_WARN_INT_CONVERSION = YES;
				CLANG_WARN_NON_LITERAL_NULL_CONVERSION = YES;
				CLANG_WARN_OBJC_IMPLICIT_RETAIN_SELF = YES;
				CLANG_WARN_OBJC_LITERAL_CONVERSION = YES;
				CLANG_WARN_OBJC_ROOT_CLASS = YES_ERROR;
				CLANG_WARN_QUOTED_INCLUDE_IN_FRAMEWORK_HEADER = YES;
				CLANG_WARN_RANGE_LOOP_ANALYSIS = YES;
				CLANG_WARN_STRICT_PROTOTYPES = YES;
				CLANG_WARN_SUSPICIOUS_MOVE = YES;
				CLANG_WARN_UNGUARDED_AVAILABILITY = YES_AGGRESSIVE;
				CLANG_WARN_UNREACHABLE_CODE = YES;
				CLANG_WARN__DUPLICATE_METHOD_MATCH = YES;
				COPY_PHASE_STRIP = NO;
				DEBUG_INFORMATION_FORMAT = "dwarf-with-dsym";
				ENABLE_NS_ASSERTIONS = NO;
				ENABLE_STRICT_OBJC_MSGSEND = YES;
				GCC_C_LANGUAGE_STANDARD = gnu11;
				GCC_NO_COMMON_BLOCKS = YES;
				GCC_WARN_64_TO_32_BIT_CONVERSION = YES;
				GCC_WARN_ABOUT_RETURN_TYPE = YES_ERROR;
				GCC_WARN_UNDECLARED_SELECTOR = YES;
				GCC_WARN_UNINITIALIZED_AUTOS = YES_AGGRESSIVE;
				GCC_WARN_UNUSED_FUNCTION = YES;
				GCC_WARN_UNUSED_VARIABLE = YES;
				IPHONEOS_DEPLOYMENT_TARGET = 15.4;
				MTL_ENABLE_DEBUG_INFO = NO;
				MTL_FAST_MATH = YES;
				SDKROOT = iphoneos;
				SWIFT_COMPILATION_MODE = wholemodule;
				SWIFT_OPTIMIZATION_LEVEL = "-O";
				VALIDATE_PRODUCT = YES;
			};
			name = Release;
		};
		934E15C6282C1C8100EF67C1 /* Debug */ = {
			isa = XCBuildConfiguration;
			baseConfigurationReference = 60900A04581E5860014FA4BF /* Pods-MovieList.debug.xcconfig */;
			buildSettings = {
				ASSETCATALOG_COMPILER_APPICON_NAME = AppIcon;
				ASSETCATALOG_COMPILER_GLOBAL_ACCENT_COLOR_NAME = AccentColor;
				CODE_SIGN_STYLE = Automatic;
				CURRENT_PROJECT_VERSION = 1;
				DEVELOPMENT_TEAM = RDZG34VZTT;
				GENERATE_INFOPLIST_FILE = YES;
				INFOPLIST_FILE = MovieList/Info.plist;
				INFOPLIST_KEY_UIApplicationSupportsIndirectInputEvents = YES;
				INFOPLIST_KEY_UILaunchStoryboardName = LaunchScreen;
				INFOPLIST_KEY_UIMainStoryboardFile = Main;
				INFOPLIST_KEY_UISupportedInterfaceOrientations_iPad = "UIInterfaceOrientationPortrait UIInterfaceOrientationPortraitUpsideDown UIInterfaceOrientationLandscapeLeft UIInterfaceOrientationLandscapeRight";
				INFOPLIST_KEY_UISupportedInterfaceOrientations_iPhone = "UIInterfaceOrientationPortrait UIInterfaceOrientationLandscapeLeft UIInterfaceOrientationLandscapeRight";
				LD_RUNPATH_SEARCH_PATHS = (
					"$(inherited)",
					"@executable_path/Frameworks",
				);
				MARKETING_VERSION = 1.0;
				PRODUCT_BUNDLE_IDENTIFIER = haozhang45.MovieList;
				PRODUCT_NAME = "$(TARGET_NAME)";
				SWIFT_EMIT_LOC_STRINGS = YES;
				SWIFT_VERSION = 5.0;
				TARGETED_DEVICE_FAMILY = "1,2";
			};
			name = Debug;
		};
		934E15C7282C1C8100EF67C1 /* Release */ = {
			isa = XCBuildConfiguration;
			baseConfigurationReference = 400DD193E7E8F3A5C0360585 /* Pods-MovieList.release.xcconfig */;
			buildSettings = {
				ASSETCATALOG_COMPILER_APPICON_NAME = AppIcon;
				ASSETCATALOG_COMPILER_GLOBAL_ACCENT_COLOR_NAME = AccentColor;
				CODE_SIGN_STYLE = Automatic;
				CURRENT_PROJECT_VERSION = 1;
				DEVELOPMENT_TEAM = RDZG34VZTT;
				GENERATE_INFOPLIST_FILE = YES;
				INFOPLIST_FILE = MovieList/Info.plist;
				INFOPLIST_KEY_UIApplicationSupportsIndirectInputEvents = YES;
				INFOPLIST_KEY_UILaunchStoryboardName = LaunchScreen;
				INFOPLIST_KEY_UIMainStoryboardFile = Main;
				INFOPLIST_KEY_UISupportedInterfaceOrientations_iPad = "UIInterfaceOrientationPortrait UIInterfaceOrientationPortraitUpsideDown UIInterfaceOrientationLandscapeLeft UIInterfaceOrientationLandscapeRight";
				INFOPLIST_KEY_UISupportedInterfaceOrientations_iPhone = "UIInterfaceOrientationPortrait UIInterfaceOrientationLandscapeLeft UIInterfaceOrientationLandscapeRight";
				LD_RUNPATH_SEARCH_PATHS = (
					"$(inherited)",
					"@executable_path/Frameworks",
				);
				MARKETING_VERSION = 1.0;
				PRODUCT_BUNDLE_IDENTIFIER = haozhang45.MovieList;
				PRODUCT_NAME = "$(TARGET_NAME)";
				SWIFT_EMIT_LOC_STRINGS = YES;
				SWIFT_VERSION = 5.0;
				TARGETED_DEVICE_FAMILY = "1,2";
			};
			name = Release;
		};
/* End XCBuildConfiguration section */

/* Begin XCConfigurationList section */
		934E15AC282C1C8000EF67C1 /* Build configuration list for PBXProject "MovieList" */ = {
			isa = XCConfigurationList;
			buildConfigurations = (
				934E15C3282C1C8100EF67C1 /* Debug */,
				934E15C4282C1C8100EF67C1 /* Release */,
			);
			defaultConfigurationIsVisible = 0;
			defaultConfigurationName = Release;
		};
		934E15C5282C1C8100EF67C1 /* Build configuration list for PBXNativeTarget "MovieList" */ = {
			isa = XCConfigurationList;
			buildConfigurations = (
				934E15C6282C1C8100EF67C1 /* Debug */,
				934E15C7282C1C8100EF67C1 /* Release */,
			);
			defaultConfigurationIsVisible = 0;
			defaultConfigurationName = Release;
		};
/* End XCConfigurationList section */
	};
	rootObject = 934E15A9282C1C8000EF67C1 /* Project object */;
}
